# This file is automatically @generated by Poetry 1.5.4 and should not be changed by hand.

[[package]]
name = "p2"
version = "1.0.1"
description = "Rerun command by watching modified file"
optional = false
python-versions = "*"
files = [
    {file = "p2-1.0.1-py3-none-any.whl", hash = "sha256:d9b384dd028d6ed40fbc6b680a3cec379b7f7ad9cda66f2492132e7616dd6af6"},
    {file = "p2-1.0.1.tar.gz", hash = "sha256:6344d1c811fed97348f05d5e64952da5d8993179d2a208552cd6fe6bbc98c2ae"},
]

[metadata]
lock-version = "2.0"
python-versions = ">=3.10.0,<3.11"
content-hash = "7086210cb3791b772f73494509372817ebee1c1343b6d7e31782b1e244d16cd9"
